
Microsoft Visual Studio Solution File, Format Version 12.00
# Visual Studio Version 17
VisualStudioVersion = 17.4.33213.308
MinimumVisualStudioVersion = 10.0.40219.1
Project("{FAE04EC0-301F-11D3-BF4B-00C04F79EFBC}") = "LabcorpProject", "LabcorpProject\LabcorpProject.csproj", "{71CCAE6F-9BCD-456F-8118-95F8FB0DF71B}"
EndProject
Global
	GlobalSection(SolutionConfigurationPlatforms) = preSolution
		Debug|Any CPU = Debug|Any CPU
		Release|Any CPU = Release|Any CPU
	EndGlobalSection
	GlobalSection(ProjectConfigurationPlatforms) = postSolution
		{71CCAE6F-9BCD-456F-8118-95F8FB0DF71B}.Debug|Any CPU.ActiveCfg = Debug|Any CPU
		{71CCAE6F-9BCD-456F-8118-95F8FB0DF71B}.Debug|Any CPU.Build.0 = Debug|Any CPU
		{71CCAE6F-9BCD-456F-8118-95F8FB0DF71B}.Release|Any CPU.ActiveCfg = Release|Any CPU
		{71CCAE6F-9BCD-456F-8118-95F8FB0DF71B}.Release|Any CPU.Build.0 = Release|Any CPU
	EndGlobalSection
	GlobalSection(SolutionProperties) = preSolution
		HideSolutionNode = FALSE
	EndGlobalSection
	GlobalSection(ExtensibilityGlobals) = postSolution
		SolutionGuid = {7BB55084-D2D1-4972-9E42-E5E8015CAFA4}
	EndGlobalSection
EndGlobal
